
Microsoft Visual Studio Solution File, Format Version 12.00
# Visual Studio Version 17
VisualStudioVersion = 17.13.35931.197
MinimumVisualStudioVersion = 10.0.40219.1
Project("{FAE04EC0-301F-11D3-BF4B-00C04F79EFBC}") = "GHSMS", "GHSMS\GHSMS.csproj", "{97927A1A-C532-4957-B411-34E2E9947B33}"
EndProject
Project("{FAE04EC0-301F-11D3-BF4B-00C04F79EFBC}") = "Repository", "Repository\Repository.csproj", "{D1DE63EE-8F17-4893-AD1D-99DF17593B26}"
EndProject
Project("{FAE04EC0-301F-11D3-BF4B-00C04F79EFBC}") = "Service", "Service\Service.csproj", "{B639F021-13FA-4C59-A55E-3B01063325FD}"
EndProject
Global
	GlobalSection(SolutionConfigurationPlatforms) = preSolution
		Debug|Any CPU = Debug|Any CPU
		Release|Any CPU = Release|Any CPU
	EndGlobalSection
	GlobalSection(ProjectConfigurationPlatforms) = postSolution
		{97927A1A-C532-4957-B411-34E2E9947B33}.Debug|Any CPU.ActiveCfg = Debug|Any CPU
		{97927A1A-C532-4957-B411-34E2E9947B33}.Debug|Any CPU.Build.0 = Debug|Any CPU
		{97927A1A-C532-4957-B411-34E2E9947B33}.Release|Any CPU.ActiveCfg = Release|Any CPU
		{97927A1A-C532-4957-B411-34E2E9947B33}.Release|Any CPU.Build.0 = Release|Any CPU
		{D1DE63EE-8F17-4893-AD1D-99DF17593B26}.Debug|Any CPU.ActiveCfg = Debug|Any CPU
		{D1DE63EE-8F17-4893-AD1D-99DF17593B26}.Debug|Any CPU.Build.0 = Debug|Any CPU
		{D1DE63EE-8F17-4893-AD1D-99DF17593B26}.Release|Any CPU.ActiveCfg = Release|Any CPU
		{D1DE63EE-8F17-4893-AD1D-99DF17593B26}.Release|Any CPU.Build.0 = Release|Any CPU
		{B639F021-13FA-4C59-A55E-3B01063325FD}.Debug|Any CPU.ActiveCfg = Debug|Any CPU
		{B639F021-13FA-4C59-A55E-3B01063325FD}.Debug|Any CPU.Build.0 = Debug|Any CPU
		{B639F021-13FA-4C59-A55E-3B01063325FD}.Release|Any CPU.ActiveCfg = Release|Any CPU
		{B639F021-13FA-4C59-A55E-3B01063325FD}.Release|Any CPU.Build.0 = Release|Any CPU
	EndGlobalSection
	GlobalSection(SolutionProperties) = preSolution
		HideSolutionNode = FALSE
	EndGlobalSection
	GlobalSection(ExtensibilityGlobals) = postSolution
		SolutionGuid = {B5A6501E-6186-4A50-990D-D5C2C25754C2}
	EndGlobalSection
EndGlobal
